// !$*UTF8*$!
{
	archiveVersion = 1;
	classes = {
	};
	objectVersion = 50;
	objects = {

/* Begin PBXBuildFile section */
		312A6E3D24CE69F100AD5B58 /* AppDelegate.swift in Sources */ = {isa = PBXBuildFile; fileRef = 312A6E3C24CE69F100AD5B58 /* AppDelegate.swift */; };
		312A6E3F24CE69F100AD5B58 /* SceneDelegate.swift in Sources */ = {isa = PBXBuildFile; fileRef = 312A6E3E24CE69F100AD5B58 /* SceneDelegate.swift */; };
		312A6E4124CE69F100AD5B58 /* ViewController.swift in Sources */ = {isa = PBXBuildFile; fileRef = 312A6E4024CE69F100AD5B58 /* ViewController.swift */; };
		312A6E4424CE69F100AD5B58 /* Main.storyboard in Resources */ = {isa = PBXBuildFile; fileRef = 312A6E4224CE69F100AD5B58 /* Main.storyboard */; };
		312A6E4624CE69F300AD5B58 /* Assets.xcassets in Resources */ = {isa = PBXBuildFile; fileRef = 312A6E4524CE69F300AD5B58 /* Assets.xcassets */; };
		312A6E4924CE69F300AD5B58 /* LaunchScreen.storyboard in Resources */ = {isa = PBXBuildFile; fileRef = 312A6E4724CE69F300AD5B58 /* LaunchScreen.storyboard */; };
		312A6E5724CE6A0900AD5B58 /* WidgetKit.framework in Frameworks */ = {isa = PBXBuildFile; fileRef = 312A6E5624CE6A0900AD5B58 /* WidgetKit.framework */; };
		312A6E5924CE6A0900AD5B58 /* SwiftUI.framework in Frameworks */ = {isa = PBXBuildFile; fileRef = 312A6E5824CE6A0900AD5B58 /* SwiftUI.framework */; };
		312A6E5C24CE6A0900AD5B58 /* MainWidget.swift in Sources */ = {isa = PBXBuildFile; fileRef = 312A6E5B24CE6A0900AD5B58 /* MainWidget.swift */; };
		312A6E5E24CE6A0A00AD5B58 /* Assets.xcassets in Resources */ = {isa = PBXBuildFile; fileRef = 312A6E5D24CE6A0A00AD5B58 /* Assets.xcassets */; };
		312A6E6224CE6A0A00AD5B58 /* MainWidgetExtension.appex in Embed App Extensions */ = {isa = PBXBuildFile; fileRef = 312A6E5424CE6A0900AD5B58 /* MainWidgetExtension.appex */; settings = {ATTRIBUTES = (RemoveHeadersOnCopy, ); }; };
		3131530224EFA77200B6EC6E /* NextWidget.swift in Sources */ = {isa = PBXBuildFile; fileRef = 3131530024EFA69100B6EC6E /* NextWidget.swift */; };
		3131530524EFAE1500B6EC6E /* TestView.swift in Sources */ = {isa = PBXBuildFile; fileRef = 31AF5C1F24D1503500988622 /* TestView.swift */; };
		3131530824EFAE8100B6EC6E /* NewWidget.swift in Sources */ = {isa = PBXBuildFile; fileRef = 3131530724EFAE8100B6EC6E /* NewWidget.swift */; };
		3193CCD924CFC56900451BEB /* DefineFile.swift in Sources */ = {isa = PBXBuildFile; fileRef = 3193CCD824CFC56900451BEB /* DefineFile.swift */; };
		3193CCDA24CFC59100451BEB /* DefineFile.swift in Sources */ = {isa = PBXBuildFile; fileRef = 3193CCD824CFC56900451BEB /* DefineFile.swift */; };
		31AF5C2224D1570600988622 /* Assets.xcassets in Resources */ = {isa = PBXBuildFile; fileRef = 312A6E4524CE69F300AD5B58 /* Assets.xcassets */; };
/* End PBXBuildFile section */

/* Begin PBXContainerItemProxy section */
		312A6E6024CE6A0A00AD5B58 /* PBXContainerItemProxy */ = {
			isa = PBXContainerItemProxy;
			containerPortal = 312A6E3124CE69F100AD5B58 /* Project object */;
			proxyType = 1;
			remoteGlobalIDString = 312A6E5324CE6A0900AD5B58;
			remoteInfo = MainWidgetExtension;
		};
/* End PBXContainerItemProxy section */

/* Begin PBXCopyFilesBuildPhase section */
		312A6E6624CE6A0A00AD5B58 /* Embed App Extensions */ = {
			isa = PBXCopyFilesBuildPhase;
			buildActionMask = 2147483647;
			dstPath = "";
			dstSubfolderSpec = 13;
			files = (
				312A6E6224CE6A0A00AD5B58 /* MainWidgetExtension.appex in Embed App Extensions */,
			);
			name = "Embed App Extensions";
			runOnlyForDeploymentPostprocessing = 0;
		};
/* End PBXCopyFilesBuildPhase section */

/* Begin PBXFileReference section */
		312A6E3924CE69F100AD5B58 /* WidgetDemo.app */ = {isa = PBXFileReference; explicitFileType = wrapper.application; includeInIndex = 0; path = WidgetDemo.app; sourceTree = BUILT_PRODUCTS_DIR; };
		312A6E3C24CE69F100AD5B58 /* AppDelegate.swift */ = {isa = PBXFileReference; lastKnownFileType = sourcecode.swift; path = AppDelegate.swift; sourceTree = "<group>"; };
		312A6E3E24CE69F100AD5B58 /* SceneDelegate.swift */ = {isa = PBXFileReference; lastKnownFileType = sourcecode.swift; path = SceneDelegate.swift; sourceTree = "<group>"; };
		312A6E4024CE69F100AD5B58 /* ViewController.swift */ = {isa = PBXFileReference; lastKnownFileType = sourcecode.swift; path = ViewController.swift; sourceTree = "<group>"; };
		312A6E4324CE69F100AD5B58 /* Base */ = {isa = PBXFileReference; lastKnownFileType = file.storyboard; name = Base; path = Base.lproj/Main.storyboard; sourceTree = "<group>"; };
		312A6E4524CE69F300AD5B58 /* Assets.xcassets */ = {isa = PBXFileReference; lastKnownFileType = folder.assetcatalog; path = Assets.xcassets; sourceTree = "<group>"; };
		312A6E4824CE69F300AD5B58 /* Base */ = {isa = PBXFileReference; lastKnownFileType = file.storyboard; name = Base; path = Base.lproj/LaunchScreen.storyboard; sourceTree = "<group>"; };
		312A6E4A24CE69F300AD5B58 /* Info.plist */ = {isa = PBXFileReference; lastKnownFileType = text.plist.xml; path = Info.plist; sourceTree = "<group>"; };
		312A6E5424CE6A0900AD5B58 /* MainWidgetExtension.appex */ = {isa = PBXFileReference; explicitFileType = "wrapper.app-extension"; includeInIndex = 0; path = MainWidgetExtension.appex; sourceTree = BUILT_PRODUCTS_DIR; };
		312A6E5624CE6A0900AD5B58 /* WidgetKit.framework */ = {isa = PBXFileReference; lastKnownFileType = wrapper.framework; name = WidgetKit.framework; path = System/Library/Frameworks/WidgetKit.framework; sourceTree = SDKROOT; };
		312A6E5824CE6A0900AD5B58 /* SwiftUI.framework */ = {isa = PBXFileReference; lastKnownFileType = wrapper.framework; name = SwiftUI.framework; path = System/Library/Frameworks/SwiftUI.framework; sourceTree = SDKROOT; };
		312A6E5B24CE6A0900AD5B58 /* MainWidget.swift */ = {isa = PBXFileReference; lastKnownFileType = sourcecode.swift; path = MainWidget.swift; sourceTree = "<group>"; };
		312A6E5D24CE6A0A00AD5B58 /* Assets.xcassets */ = {isa = PBXFileReference; lastKnownFileType = folder.assetcatalog; path = Assets.xcassets; sourceTree = "<group>"; };
		312A6E5F24CE6A0A00AD5B58 /* Info.plist */ = {isa = PBXFileReference; lastKnownFileType = text.plist.xml; path = Info.plist; sourceTree = "<group>"; };
		3131530024EFA69100B6EC6E /* NextWidget.swift */ = {isa = PBXFileReference; lastKnownFileType = sourcecode.swift; path = NextWidget.swift; sourceTree = "<group>"; };
		3131530724EFAE8100B6EC6E /* NewWidget.swift */ = {isa = PBXFileReference; lastKnownFileType = sourcecode.swift; path = NewWidget.swift; sourceTree = "<group>"; };
		3193CCD824CFC56900451BEB /* DefineFile.swift */ = {isa = PBXFileReference; lastKnownFileType = sourcecode.swift; path = DefineFile.swift; sourceTree = "<group>"; };
		3193CCDB24CFDB2E00451BEB /* WidgetDemo.entitlements */ = {isa = PBXFileReference; lastKnownFileType = text.plist.entitlements; path = WidgetDemo.entitlements; sourceTree = "<group>"; };
		3193CCDC24CFDBDB00451BEB /* MainWidgetExtension.entitlements */ = {isa = PBXFileReference; lastKnownFileType = text.plist.entitlements; path = MainWidgetExtension.entitlements; sourceTree = "<group>"; };
		31AF5C1F24D1503500988622 /* TestView.swift */ = {isa = PBXFileReference; lastKnownFileType = sourcecode.swift; path = TestView.swift; sourceTree = "<group>"; };
/* End PBXFileReference section */

/* Begin PBXFrameworksBuildPhase section */
		312A6E3624CE69F100AD5B58 /* Frameworks */ = {
			isa = PBXFrameworksBuildPhase;
			buildActionMask = 2147483647;
			files = (
			);
			runOnlyForDeploymentPostprocessing = 0;
		};
		312A6E5124CE6A0900AD5B58 /* Frameworks */ = {
			isa = PBXFrameworksBuildPhase;
			buildActionMask = 2147483647;
			files = (
				312A6E5924CE6A0900AD5B58 /* SwiftUI.framework in Frameworks */,
				312A6E5724CE6A0900AD5B58 /* WidgetKit.framework in Frameworks */,
			);
			runOnlyForDeploymentPostprocessing = 0;
		};
/* End PBXFrameworksBuildPhase section */

/* Begin PBXGroup section */
		312A6E3024CE69F100AD5B58 = {
			isa = PBXGroup;
			children = (
				3193CCDC24CFDBDB00451BEB /* MainWidgetExtension.entitlements */,
				312A6E3B24CE69F100AD5B58 /* WidgetDemo */,
				312A6E5A24CE6A0900AD5B58 /* MainWidget */,
				312A6E5524CE6A0900AD5B58 /* Frameworks */,
				312A6E3A24CE69F100AD5B58 /* Products */,
			);
			sourceTree = "<group>";
		};
		312A6E3A24CE69F100AD5B58 /* Products */ = {
			isa = PBXGroup;
			children = (
				312A6E3924CE69F100AD5B58 /* WidgetDemo.app */,
				312A6E5424CE6A0900AD5B58 /* MainWidgetExtension.appex */,
			);
			name = Products;
			sourceTree = "<group>";
		};
		312A6E3B24CE69F100AD5B58 /* WidgetDemo */ = {
			isa = PBXGroup;
			children = (
				3193CCDB24CFDB2E00451BEB /* WidgetDemo.entitlements */,
				3193CCD824CFC56900451BEB /* DefineFile.swift */,
				312A6E3C24CE69F100AD5B58 /* AppDelegate.swift */,
				312A6E3E24CE69F100AD5B58 /* SceneDelegate.swift */,
				312A6E4024CE69F100AD5B58 /* ViewController.swift */,
				312A6E4224CE69F100AD5B58 /* Main.storyboard */,
				312A6E4524CE69F300AD5B58 /* Assets.xcassets */,
				312A6E4724CE69F300AD5B58 /* LaunchScreen.storyboard */,
				312A6E4A24CE69F300AD5B58 /* Info.plist */,
			);
			path = WidgetDemo;
			sourceTree = "<group>";
		};
		312A6E5524CE6A0900AD5B58 /* Frameworks */ = {
			isa = PBXGroup;
			children = (
				312A6E5624CE6A0900AD5B58 /* WidgetKit.framework */,
				312A6E5824CE6A0900AD5B58 /* SwiftUI.framework */,
			);
			name = Frameworks;
			sourceTree = "<group>";
		};
		312A6E5A24CE6A0900AD5B58 /* MainWidget */ = {
			isa = PBXGroup;
			children = (
				31AF5C1F24D1503500988622 /* TestView.swift */,
				3131530724EFAE8100B6EC6E /* NewWidget.swift */,
				3131530024EFA69100B6EC6E /* NextWidget.swift */,
				312A6E5B24CE6A0900AD5B58 /* MainWidget.swift */,
				312A6E5D24CE6A0A00AD5B58 /* Assets.xcassets */,
				312A6E5F24CE6A0A00AD5B58 /* Info.plist */,
			);
			path = MainWidget;
			sourceTree = "<group>";
		};
/* End PBXGroup section */

/* Begin PBXNativeTarget section */
		312A6E3824CE69F100AD5B58 /* WidgetDemo */ = {
			isa = PBXNativeTarget;
			buildConfigurationList = 312A6E4D24CE69F300AD5B58 /* Build configuration list for PBXNativeTarget "WidgetDemo" */;
			buildPhases = (
				312A6E3524CE69F100AD5B58 /* Sources */,
				312A6E3624CE69F100AD5B58 /* Frameworks */,
				312A6E3724CE69F100AD5B58 /* Resources */,
				312A6E6624CE6A0A00AD5B58 /* Embed App Extensions */,
			);
			buildRules = (
			);
			dependencies = (
				312A6E6124CE6A0A00AD5B58 /* PBXTargetDependency */,
			);
			name = WidgetDemo;
			productName = WidgetDemo;
			productReference = 312A6E3924CE69F100AD5B58 /* WidgetDemo.app */;
			productType = "com.apple.product-type.application";
		};
		312A6E5324CE6A0900AD5B58 /* MainWidgetExtension */ = {
			isa = PBXNativeTarget;
			buildConfigurationList = 312A6E6324CE6A0A00AD5B58 /* Build configuration list for PBXNativeTarget "MainWidgetExtension" */;
			buildPhases = (
				312A6E5024CE6A0900AD5B58 /* Sources */,
				312A6E5124CE6A0900AD5B58 /* Frameworks */,
				312A6E5224CE6A0900AD5B58 /* Resources */,
			);
			buildRules = (
			);
			dependencies = (
			);
			name = MainWidgetExtension;
			productName = MainWidgetExtension;
			productReference = 312A6E5424CE6A0900AD5B58 /* MainWidgetExtension.appex */;
			productType = "com.apple.product-type.app-extension";
		};
/* End PBXNativeTarget section */

/* Begin PBXProject section */
		312A6E3124CE69F100AD5B58 /* Project object */ = {
			isa = PBXProject;
			attributes = {
				LastSwiftUpdateCheck = 1200;
				LastUpgradeCheck = 1200;
				TargetAttributes = {
					312A6E3824CE69F100AD5B58 = {
						CreatedOnToolsVersion = 12.0;
					};
					312A6E5324CE6A0900AD5B58 = {
						CreatedOnToolsVersion = 12.0;
					};
				};
			};
			buildConfigurationList = 312A6E3424CE69F100AD5B58 /* Build configuration list for PBXProject "WidgetDemo" */;
			compatibilityVersion = "Xcode 9.3";
			developmentRegion = en;
			hasScannedForEncodings = 0;
			knownRegions = (
				en,
				Base,
			);
			mainGroup = 312A6E3024CE69F100AD5B58;
			productRefGroup = 312A6E3A24CE69F100AD5B58 /* Products */;
			projectDirPath = "";
			projectRoot = "";
			targets = (
				312A6E3824CE69F100AD5B58 /* WidgetDemo */,
				312A6E5324CE6A0900AD5B58 /* MainWidgetExtension */,
			);
		};
/* End PBXProject section */

/* Begin PBXResourcesBuildPhase section */
		312A6E3724CE69F100AD5B58 /* Resources */ = {
			isa = PBXResourcesBuildPhase;
			buildActionMask = 2147483647;
			files = (
				312A6E4924CE69F300AD5B58 /* LaunchScreen.storyboard in Resources */,
				312A6E4624CE69F300AD5B58 /* Assets.xcassets in Resources */,
				312A6E4424CE69F100AD5B58 /* Main.storyboard in Resources */,
			);
			runOnlyForDeploymentPostprocessing = 0;
		};
		312A6E5224CE6A0900AD5B58 /* Resources */ = {
			isa = PBXResourcesBuildPhase;
			buildActionMask = 2147483647;
			files = (
				31AF5C2224D1570600988622 /* Assets.xcassets in Resources */,
				312A6E5E24CE6A0A00AD5B58 /* Assets.xcassets in Resources */,
			);
			runOnlyForDeploymentPostprocessing = 0;
		};
/* End PBXResourcesBuildPhase section */

/* Begin PBXSourcesBuildPhase section */
		312A6E3524CE69F100AD5B58 /* Sources */ = {
			isa = PBXSourcesBuildPhase;
			buildActionMask = 2147483647;
			files = (
				312A6E4124CE69F100AD5B58 /* ViewController.swift in Sources */,
				312A6E3D24CE69F100AD5B58 /* AppDelegate.swift in Sources */,
				3193CCD924CFC56900451BEB /* DefineFile.swift in Sources */,
				312A6E3F24CE69F100AD5B58 /* SceneDelegate.swift in Sources */,
			);
			runOnlyForDeploymentPostprocessing = 0;
		};
		312A6E5024CE6A0900AD5B58 /* Sources */ = {
			isa = PBXSourcesBuildPhase;
			buildActionMask = 2147483647;
			files = (
				3131530524EFAE1500B6EC6E /* TestView.swift in Sources */,
				3131530224EFA77200B6EC6E /* NextWidget.swift in Sources */,
				3193CCDA24CFC59100451BEB /* DefineFile.swift in Sources */,
				3131530824EFAE8100B6EC6E /* NewWidget.swift in Sources */,
				312A6E5C24CE6A0900AD5B58 /* MainWidget.swift in Sources */,
			);
			runOnlyForDeploymentPostprocessing = 0;
		};
/* End PBXSourcesBuildPhase section */

/* Begin PBXTargetDependency section */
		312A6E6124CE6A0A00AD5B58 /* PBXTargetDependency */ = {
			isa = PBXTargetDependency;
			target = 312A6E5324CE6A0900AD5B58 /* MainWidgetExtension */;
			targetProxy = 312A6E6024CE6A0A00AD5B58 /* PBXContainerItemProxy */;
		};
/* End PBXTargetDependency section */

/* Begin PBXVariantGroup section */
		312A6E4224CE69F100AD5B58 /* Main.storyboard */ = {
			isa = PBXVariantGroup;
			children = (
				312A6E4324CE69F100AD5B58 /* Base */,
			);
			name = Main.storyboard;
			sourceTree = "<group>";
		};
		312A6E4724CE69F300AD5B58 /* LaunchScreen.storyboard */ = {
			isa = PBXVariantGroup;
			children = (
				312A6E4824CE69F300AD5B58 /* Base */,
			);
			name = LaunchScreen.storyboard;
			sourceTree = "<group>";
		};
/* End PBXVariantGroup section */

/* Begin XCBuildConfiguration section */
		312A6E4B24CE69F300AD5B58 /* Debug */ = {
			isa = XCBuildConfiguration;
			buildSettings = {
				ALWAYS_SEARCH_USER_PATHS = NO;
				CLANG_ANALYZER_NONNULL = YES;
				CLANG_ANALYZER_NUMBER_OBJECT_CONVERSION = YES_AGGRESSIVE;
				CLANG_CXX_LANGUAGE_STANDARD = "gnu++14";
				CLANG_CXX_LIBRARY = "libc++";
				CLANG_ENABLE_MODULES = YES;
				CLANG_ENABLE_OBJC_ARC = YES;
				CLANG_ENABLE_OBJC_WEAK = YES;
				CLANG_WARN_BLOCK_CAPTURE_AUTORELEASING = YES;
				CLANG_WARN_BOOL_CONVERSION = YES;
				CLANG_WARN_COMMA = YES;
				CLANG_WARN_CONSTANT_CONVERSION = YES;
				CLANG_WARN_DEPRECATED_OBJC_IMPLEMENTATIONS = YES;
				CLANG_WARN_DIRECT_OBJC_ISA_USAGE = YES_ERROR;
				CLANG_WARN_DOCUMENTATION_COMMENTS = YES;
				CLANG_WARN_EMPTY_BODY = YES;
				CLANG_WARN_ENUM_CONVERSION = YES;
				CLANG_WARN_INFINITE_RECURSION = YES;
				CLANG_WARN_INT_CONVERSION = YES;
				CLANG_WARN_NON_LITERAL_NULL_CONVERSION = YES;
				CLANG_WARN_OBJC_IMPLICIT_RETAIN_SELF = YES;
				CLANG_WARN_OBJC_LITERAL_CONVERSION = YES;
				CLANG_WARN_OBJC_ROOT_CLASS = YES_ERROR;
				CLANG_WARN_QUOTED_INCLUDE_IN_FRAMEWORK_HEADER = YES;
				CLANG_WARN_RANGE_LOOP_ANALYSIS = YES;
				CLANG_WARN_STRICT_PROTOTYPES = YES;
				CLANG_WARN_SUSPICIOUS_MOVE = YES;
				CLANG_WARN_UNGUARDED_AVAILABILITY = YES_AGGRESSIVE;
				CLANG_WARN_UNREACHABLE_CODE = YES;
				CLANG_WARN__DUPLICATE_METHOD_MATCH = YES;
				COPY_PHASE_STRIP = NO;
				DEBUG_INFORMATION_FORMAT = dwarf;
				ENABLE_STRICT_OBJC_MSGSEND = YES;
				ENABLE_TESTABILITY = YES;
				GCC_C_LANGUAGE_STANDARD = gnu11;
				GCC_DYNAMIC_NO_PIC = NO;
				GCC_NO_COMMON_BLOCKS = YES;
				GCC_OPTIMIZATION_LEVEL = 0;
				GCC_PREPROCESSOR_DEFINITIONS = (
					"DEBUG=1",
					"$(inherited)",
				);
				GCC_WARN_64_TO_32_BIT_CONVERSION = YES;
				GCC_WARN_ABOUT_RETURN_TYPE = YES_ERROR;
				GCC_WARN_UNDECLARED_SELECTOR = YES;
				GCC_WARN_UNINITIALIZED_AUTOS = YES_AGGRESSIVE;
				GCC_WARN_UNUSED_FUNCTION = YES;
				GCC_WARN_UNUSED_VARIABLE = YES;
				IPHONEOS_DEPLOYMENT_TARGET = 14.0;
				MTL_ENABLE_DEBUG_INFO = INCLUDE_SOURCE;
				MTL_FAST_MATH = YES;
				ONLY_ACTIVE_ARCH = YES;
				SDKROOT = iphoneos;
				SWIFT_ACTIVE_COMPILATION_CONDITIONS = DEBUG;
				SWIFT_OPTIMIZATION_LEVEL = "-Onone";
			};
			name = Debug;
		};
		312A6E4C24CE69F300AD5B58 /* Release */ = {
			isa = XCBuildConfiguration;
			buildSettings = {
				ALWAYS_SEARCH_USER_PATHS = NO;
				CLANG_ANALYZER_NONNULL = YES;
				CLANG_ANALYZER_NUMBER_OBJECT_CONVERSION = YES_AGGRESSIVE;
				CLANG_CXX_LANGUAGE_STANDARD = "gnu++14";
				CLANG_CXX_LIBRARY = "libc++";
				CLANG_ENABLE_MODULES = YES;
				CLANG_ENABLE_OBJC_ARC = YES;
				CLANG_ENABLE_OBJC_WEAK = YES;
				CLANG_WARN_BLOCK_CAPTURE_AUTORELEASING = YES;
				CLANG_WARN_BOOL_CONVERSION = YES;
				CLANG_WARN_COMMA = YES;
				CLANG_WARN_CONSTANT_CONVERSION = YES;
				CLANG_WARN_DEPRECATED_OBJC_IMPLEMENTATIONS = YES;
				CLANG_WARN_DIRECT_OBJC_ISA_USAGE = YES_ERROR;
				CLANG_WARN_DOCUMENTATION_COMMENTS = YES;
				CLANG_WARN_EMPTY_BODY = YES;
				CLANG_WARN_ENUM_CONVERSION = YES;
				CLANG_WARN_INFINITE_RECURSION = YES;
				CLANG_WARN_INT_CONVERSION = YES;
				CLANG_WARN_NON_LITERAL_NULL_CONVERSION = YES;
				CLANG_WARN_OBJC_IMPLICIT_RETAIN_SELF = YES;
				CLANG_WARN_OBJC_LITERAL_CONVERSION = YES;
				CLANG_WARN_OBJC_ROOT_CLASS = YES_ERROR;
				CLANG_WARN_QUOTED_INCLUDE_IN_FRAMEWORK_HEADER = YES;
				CLANG_WARN_RANGE_LOOP_ANALYSIS = YES;
				CLANG_WARN_STRICT_PROTOTYPES = YES;
				CLANG_WARN_SUSPICIOUS_MOVE = YES;
				CLANG_WARN_UNGUARDED_AVAILABILITY = YES_AGGRESSIVE;
				CLANG_WARN_UNREACHABLE_CODE = YES;
				CLANG_WARN__DUPLICATE_METHOD_MATCH = YES;
				COPY_PHASE_STRIP = NO;
				DEBUG_INFORMATION_FORMAT = "dwarf-with-dsym";
				ENABLE_NS_ASSERTIONS = NO;
				ENABLE_STRICT_OBJC_MSGSEND = YES;
				GCC_C_LANGUAGE_STANDARD = gnu11;
				GCC_NO_COMMON_BLOCKS = YES;
				GCC_WARN_64_TO_32_BIT_CONVERSION = YES;
				GCC_WARN_ABOUT_RETURN_TYPE = YES_ERROR;
				GCC_WARN_UNDECLARED_SELECTOR = YES;
				GCC_WARN_UNINITIALIZED_AUTOS = YES_AGGRESSIVE;
				GCC_WARN_UNUSED_FUNCTION = YES;
				GCC_WARN_UNUSED_VARIABLE = YES;
				IPHONEOS_DEPLOYMENT_TARGET = 14.0;
				MTL_ENABLE_DEBUG_INFO = NO;
				MTL_FAST_MATH = YES;
				SDKROOT = iphoneos;
				SWIFT_COMPILATION_MODE = wholemodule;
				SWIFT_OPTIMIZATION_LEVEL = "-O";
				VALIDATE_PRODUCT = YES;
			};
			name = Release;
		};
		312A6E4E24CE69F300AD5B58 /* Debug */ = {
			isa = XCBuildConfiguration;
			buildSettings = {
				ALWAYS_EMBED_SWIFT_STANDARD_LIBRARIES = YES;
				ASSETCATALOG_COMPILER_APPICON_NAME = AppIcon;
				ASSETCATALOG_COMPILER_GLOBAL_ACCENT_COLOR_NAME = AccentColor;
				CODE_SIGN_ENTITLEMENTS = WidgetDemo/WidgetDemo.entitlements;
				CODE_SIGN_STYLE = Automatic;
				DEVELOPMENT_TEAM = 7W4HY6626F;
				INFOPLIST_FILE = WidgetDemo/Info.plist;
				LD_RUNPATH_SEARCH_PATHS = (
					"$(inherited)",
					"@executable_path/Frameworks",
				);
				PRODUCT_BUNDLE_IDENTIFIER = com.maibaapp.WidgetDemo;
				PRODUCT_NAME = "$(TARGET_NAME)";
				SWIFT_VERSION = 5.0;
				TARGETED_DEVICE_FAMILY = "1,2";
			};
			name = Debug;
		};
		312A6E4F24CE69F300AD5B58 /* Release */ = {
			isa = XCBuildConfiguration;
			buildSettings = {
				ALWAYS_EMBED_SWIFT_STANDARD_LIBRARIES = YES;
				ASSETCATALOG_COMPILER_APPICON_NAME = AppIcon;
				ASSETCATALOG_COMPILER_GLOBAL_ACCENT_COLOR_NAME = AccentColor;
				CODE_SIGN_ENTITLEMENTS = WidgetDemo/WidgetDemo.entitlements;
				CODE_SIGN_STYLE = Automatic;
				DEVELOPMENT_TEAM = 7W4HY6626F;
				INFOPLIST_FILE = WidgetDemo/Info.plist;
				LD_RUNPATH_SEARCH_PATHS = (
					"$(inherited)",
					"@executable_path/Frameworks",
				);
				PRODUCT_BUNDLE_IDENTIFIER = com.maibaapp.WidgetDemo;
				PRODUCT_NAME = "$(TARGET_NAME)";
				SWIFT_VERSION = 5.0;
				TARGETED_DEVICE_FAMILY = "1,2";
			};
			name = Release;
		};
		312A6E6424CE6A0A00AD5B58 /* Debug */ = {
			isa = XCBuildConfiguration;
			buildSettings = {
				ASSETCATALOG_COMPILER_GLOBAL_ACCENT_COLOR_NAME = AccentColor;
				ASSETCATALOG_COMPILER_WIDGET_BACKGROUND_COLOR_NAME = WidgetBackground;
				CODE_SIGN_ENTITLEMENTS = MainWidgetExtension.entitlements;
				CODE_SIGN_STYLE = Automatic;
				DEVELOPMENT_TEAM = 7W4HY6626F;
				INFOPLIST_FILE = MainWidget/Info.plist;
				LD_RUNPATH_SEARCH_PATHS = (
					"$(inherited)",
					"@executable_path/Frameworks",
					"@executable_path/../../Frameworks",
				);
				PRODUCT_BUNDLE_IDENTIFIER = com.maibaapp.WidgetDemo.MainWidget;
				PRODUCT_NAME = "$(TARGET_NAME)";
				SKIP_INSTALL = YES;
				SWIFT_VERSION = 5.0;
				TARGETED_DEVICE_FAMILY = "1,2";
			};
			name = Debug;
		};
		312A6E6524CE6A0A00AD5B58 /* Release */ = {
			isa = XCBuildConfiguration;
			buildSettings = {
				ASSETCATALOG_COMPILER_GLOBAL_ACCENT_COLOR_NAME = AccentColor;
				ASSETCATALOG_COMPILER_WIDGET_BACKGROUND_COLOR_NAME = WidgetBackground;
				CODE_SIGN_ENTITLEMENTS = MainWidgetExtension.entitlements;
				CODE_SIGN_STYLE = Automatic;
				DEVELOPMENT_TEAM = 7W4HY6626F;
				INFOPLIST_FILE = MainWidget/Info.plist;
				LD_RUNPATH_SEARCH_PATHS = (
					"$(inherited)",
					"@executable_path/Frameworks",
					"@executable_path/../../Frameworks",
				);
				PRODUCT_BUNDLE_IDENTIFIER = com.maibaapp.WidgetDemo.MainWidget;
				PRODUCT_NAME = "$(TARGET_NAME)";
				SKIP_INSTALL = YES;
				SWIFT_VERSION = 5.0;
				TARGETED_DEVICE_FAMILY = "1,2";
			};
			name = Release;
		};
/* End XCBuildConfiguration section */

/* Begin XCConfigurationList section */
		312A6E3424CE69F100AD5B58 /* Build configuration list for PBXProject "WidgetDemo" */ = {
			isa = XCConfigurationList;
			buildConfigurations = (
				312A6E4B24CE69F300AD5B58 /* Debug */,
				312A6E4C24CE69F300AD5B58 /* Release */,
			);
			defaultConfigurationIsVisible = 0;
			defaultConfigurationName = Release;
		};
		312A6E4D24CE69F300AD5B58 /* Build configuration list for PBXNativeTarget "WidgetDemo" */ = {
			isa = XCConfigurationList;
			buildConfigurations = (
				312A6E4E24CE69F300AD5B58 /* Debug */,
				312A6E4F24CE69F300AD5B58 /* Release */,
			);
			defaultConfigurationIsVisible = 0;
			defaultConfigurationName = Release;
		};
		312A6E6324CE6A0A00AD5B58 /* Build configuration list for PBXNativeTarget "MainWidgetExtension" */ = {
			isa = XCConfigurationList;
			buildConfigurations = (
				312A6E6424CE6A0A00AD5B58 /* Debug */,
				312A6E6524CE6A0A00AD5B58 /* Release */,
			);
			defaultConfigurationIsVisible = 0;
			defaultConfigurationName = Release;
		};
/* End XCConfigurationList section */
	};
	rootObject = 312A6E3124CE69F100AD5B58 /* Project object */;
}
